// !$*UTF8*$!
{
	archiveVersion = 1;
	classes = {
	};
	objectVersion = 50;
	objects = {

/* Begin PBXBuildFile section */
		79EDA809273ADD6500E97ABA /* AppDelegate.swift in Sources */ = {isa = PBXBuildFile; fileRef = 79EDA808273ADD6500E97ABA /* AppDelegate.swift */; };
		79EDA80B273ADD6500E97ABA /* SceneDelegate.swift in Sources */ = {isa = PBXBuildFile; fileRef = 79EDA80A273ADD6500E97ABA /* SceneDelegate.swift */; };
		79EDA80D273ADD6500E97ABA /* ViewController.swift in Sources */ = {isa = PBXBuildFile; fileRef = 79EDA80C273ADD6500E97ABA /* ViewController.swift */; };
		79EDA810273ADD6500E97ABA /* Main.storyboard in Resources */ = {isa = PBXBuildFile; fileRef = 79EDA80E273ADD6500E97ABA /* Main.storyboard */; };
		79EDA813273ADD6500E97ABA /* takwira.xcdatamodeld in Sources */ = {isa = PBXBuildFile; fileRef = 79EDA811273ADD6500E97ABA /* takwira.xcdatamodeld */; };
		79EDA815273ADD6600E97ABA /* Assets.xcassets in Resources */ = {isa = PBXBuildFile; fileRef = 79EDA814273ADD6600E97ABA /* Assets.xcassets */; };
		79EDA818273ADD6600E97ABA /* LaunchScreen.storyboard in Resources */ = {isa = PBXBuildFile; fileRef = 79EDA816273ADD6600E97ABA /* LaunchScreen.storyboard */; };
/* End PBXBuildFile section */

/* Begin PBXFileReference section */
		79EDA805273ADD6500E97ABA /* takwira.app */ = {isa = PBXFileReference; explicitFileType = wrapper.application; includeInIndex = 0; path = takwira.app; sourceTree = BUILT_PRODUCTS_DIR; };
		79EDA808273ADD6500E97ABA /* AppDelegate.swift */ = {isa = PBXFileReference; lastKnownFileType = sourcecode.swift; path = AppDelegate.swift; sourceTree = "<group>"; };
		79EDA80A273ADD6500E97ABA /* SceneDelegate.swift */ = {isa = PBXFileReference; lastKnownFileType = sourcecode.swift; path = SceneDelegate.swift; sourceTree = "<group>"; };
		79EDA80C273ADD6500E97ABA /* ViewController.swift */ = {isa = PBXFileReference; lastKnownFileType = sourcecode.swift; path = ViewController.swift; sourceTree = "<group>"; };
		79EDA80F273ADD6500E97ABA /* Base */ = {isa = PBXFileReference; lastKnownFileType = file.storyboard; name = Base; path = Base.lproj/Main.storyboard; sourceTree = "<group>"; };
		79EDA812273ADD6500E97ABA /* takwira.xcdatamodel */ = {isa = PBXFileReference; lastKnownFileType = wrapper.xcdatamodel; path = takwira.xcdatamodel; sourceTree = "<group>"; };
		79EDA814273ADD6600E97ABA /* Assets.xcassets */ = {isa = PBXFileReference; lastKnownFileType = folder.assetcatalog; path = Assets.xcassets; sourceTree = "<group>"; };
		79EDA817273ADD6600E97ABA /* Base */ = {isa = PBXFileReference; lastKnownFileType = file.storyboard; name = Base; path = Base.lproj/LaunchScreen.storyboard; sourceTree = "<group>"; };
		79EDA819273ADD6600E97ABA /* Info.plist */ = {isa = PBXFileReference; lastKnownFileType = text.plist.xml; path = Info.plist; sourceTree = "<group>"; };
/* End PBXFileReference section */

/* Begin PBXFrameworksBuildPhase section */
		79EDA802273ADD6500E97ABA /* Frameworks */ = {
			isa = PBXFrameworksBuildPhase;
			buildActionMask = 2147483647;
			files = (
			);
			runOnlyForDeploymentPostprocessing = 0;
		};
/* End PBXFrameworksBuildPhase section */

/* Begin PBXGroup section */
		4F0B58C5273BDBA9001ED459 /* View */ = {
			isa = PBXGroup;
			children = (
				79EDA80E273ADD6500E97ABA /* Main.storyboard */,
			);
			path = View;
			sourceTree = "<group>";
		};
		4F0B58C6273BDBBF001ED459 /* Model */ = {
			isa = PBXGroup;
			children = (
			);
			path = Model;
			sourceTree = "<group>";
		};
		4F0B58C7273BDBD1001ED459 /* Controller */ = {
			isa = PBXGroup;
			children = (
				79EDA80C273ADD6500E97ABA /* ViewController.swift */,
			);
			path = Controller;
			sourceTree = "<group>";
		};
		4F0B58C8273BDBFD001ED459 /* ViewModel */ = {
			isa = PBXGroup;
			children = (
			);
			path = ViewModel;
			sourceTree = "<group>";
		};
		79EDA7FC273ADD6500E97ABA = {
			isa = PBXGroup;
			children = (
				79EDA807273ADD6500E97ABA /* takwira */,
				79EDA806273ADD6500E97ABA /* Products */,
			);
			sourceTree = "<group>";
		};
		79EDA806273ADD6500E97ABA /* Products */ = {
			isa = PBXGroup;
			children = (
				79EDA805273ADD6500E97ABA /* takwira.app */,
			);
			name = Products;
			sourceTree = "<group>";
		};
		79EDA807273ADD6500E97ABA /* takwira */ = {
			isa = PBXGroup;
			children = (
				4F0B58C8273BDBFD001ED459 /* ViewModel */,
				4F0B58C7273BDBD1001ED459 /* Controller */,
				4F0B58C6273BDBBF001ED459 /* Model */,
				4F0B58C5273BDBA9001ED459 /* View */,
				79EDA808273ADD6500E97ABA /* AppDelegate.swift */,
				79EDA80A273ADD6500E97ABA /* SceneDelegate.swift */,
				79EDA814273ADD6600E97ABA /* Assets.xcassets */,
				79EDA816273ADD6600E97ABA /* LaunchScreen.storyboard */,
				79EDA819273ADD6600E97ABA /* Info.plist */,
				79EDA811273ADD6500E97ABA /* takwira.xcdatamodeld */,
			);
			path = takwira;
			sourceTree = "<group>";
		};
/* End PBXGroup section */

/* Begin PBXNativeTarget section */
		79EDA804273ADD6500E97ABA /* takwira */ = {
			isa = PBXNativeTarget;
			buildConfigurationList = 79EDA81C273ADD6600E97ABA /* Build configuration list for PBXNativeTarget "takwira" */;
			buildPhases = (
				79EDA801273ADD6500E97ABA /* Sources */,
				79EDA802273ADD6500E97ABA /* Frameworks */,
				79EDA803273ADD6500E97ABA /* Resources */,
			);
			buildRules = (
			);
			dependencies = (
			);
			name = takwira;
			productName = takwira;
			productReference = 79EDA805273ADD6500E97ABA /* takwira.app */;
			productType = "com.apple.product-type.application";
		};
/* End PBXNativeTarget section */

/* Begin PBXProject section */
		79EDA7FD273ADD6500E97ABA /* Project object */ = {
			isa = PBXProject;
			attributes = {
				LastSwiftUpdateCheck = 1250;
				LastUpgradeCheck = 1250;
				TargetAttributes = {
					79EDA804273ADD6500E97ABA = {
						CreatedOnToolsVersion = 12.5.1;
					};
				};
			};
			buildConfigurationList = 79EDA800273ADD6500E97ABA /* Build configuration list for PBXProject "takwira" */;
			compatibilityVersion = "Xcode 9.3";
			developmentRegion = en;
			hasScannedForEncodings = 0;
			knownRegions = (
				en,
				Base,
			);
			mainGroup = 79EDA7FC273ADD6500E97ABA;
			productRefGroup = 79EDA806273ADD6500E97ABA /* Products */;
			projectDirPath = "";
			projectRoot = "";
			targets = (
				79EDA804273ADD6500E97ABA /* takwira */,
			);
		};
/* End PBXProject section */

/* Begin PBXResourcesBuildPhase section */
		79EDA803273ADD6500E97ABA /* Resources */ = {
			isa = PBXResourcesBuildPhase;
			buildActionMask = 2147483647;
			files = (
				79EDA818273ADD6600E97ABA /* LaunchScreen.storyboard in Resources */,
				79EDA815273ADD6600E97ABA /* Assets.xcassets in Resources */,
				79EDA810273ADD6500E97ABA /* Main.storyboard in Resources */,
			);
			runOnlyForDeploymentPostprocessing = 0;
		};
/* End PBXResourcesBuildPhase section */

/* Begin PBXSourcesBuildPhase section */
		79EDA801273ADD6500E97ABA /* Sources */ = {
			isa = PBXSourcesBuildPhase;
			buildActionMask = 2147483647;
			files = (
				79EDA80D273ADD6500E97ABA /* ViewController.swift in Sources */,
				79EDA809273ADD6500E97ABA /* AppDelegate.swift in Sources */,
				79EDA80B273ADD6500E97ABA /* SceneDelegate.swift in Sources */,
				79EDA813273ADD6500E97ABA /* takwira.xcdatamodeld in Sources */,
			);
			runOnlyForDeploymentPostprocessing = 0;
		};
/* End PBXSourcesBuildPhase section */

/* Begin PBXVariantGroup section */
		79EDA80E273ADD6500E97ABA /* Main.storyboard */ = {
			isa = PBXVariantGroup;
			children = (
				79EDA80F273ADD6500E97ABA /* Base */,
			);
			name = Main.storyboard;
			sourceTree = "<group>";
		};
		79EDA816273ADD6600E97ABA /* LaunchScreen.storyboard */ = {
			isa = PBXVariantGroup;
			children = (
				79EDA817273ADD6600E97ABA /* Base */,
			);
			name = LaunchScreen.storyboard;
			sourceTree = "<group>";
		};
/* End PBXVariantGroup section */

/* Begin XCBuildConfiguration section */
		79EDA81A273ADD6600E97ABA /* Debug */ = {
			isa = XCBuildConfiguration;
			buildSettings = {
				ALWAYS_SEARCH_USER_PATHS = NO;
				CLANG_ANALYZER_NONNULL = YES;
				CLANG_ANALYZER_NUMBER_OBJECT_CONVERSION = YES_AGGRESSIVE;
				CLANG_CXX_LANGUAGE_STANDARD = "gnu++14";
				CLANG_CXX_LIBRARY = "libc++";
				CLANG_ENABLE_MODULES = YES;
				CLANG_ENABLE_OBJC_ARC = YES;
				CLANG_ENABLE_OBJC_WEAK = YES;
				CLANG_WARN_BLOCK_CAPTURE_AUTORELEASING = YES;
				CLANG_WARN_BOOL_CONVERSION = YES;
				CLANG_WARN_COMMA = YES;
				CLANG_WARN_CONSTANT_CONVERSION = YES;
				CLANG_WARN_DEPRECATED_OBJC_IMPLEMENTATIONS = YES;
				CLANG_WARN_DIRECT_OBJC_ISA_USAGE = YES_ERROR;
				CLANG_WARN_DOCUMENTATION_COMMENTS = YES;
				CLANG_WARN_EMPTY_BODY = YES;
				CLANG_WARN_ENUM_CONVERSION = YES;
				CLANG_WARN_INFINITE_RECURSION = YES;
				CLANG_WARN_INT_CONVERSION = YES;
				CLANG_WARN_NON_LITERAL_NULL_CONVERSION = YES;
				CLANG_WARN_OBJC_IMPLICIT_RETAIN_SELF = YES;
				CLANG_WARN_OBJC_LITERAL_CONVERSION = YES;
				CLANG_WARN_OBJC_ROOT_CLASS = YES_ERROR;
				CLANG_WARN_QUOTED_INCLUDE_IN_FRAMEWORK_HEADER = YES;
				CLANG_WARN_RANGE_LOOP_ANALYSIS = YES;
				CLANG_WARN_STRICT_PROTOTYPES = YES;
				CLANG_WARN_SUSPICIOUS_MOVE = YES;
				CLANG_WARN_UNGUARDED_AVAILABILITY = YES_AGGRESSIVE;
				CLANG_WARN_UNREACHABLE_CODE = YES;
				CLANG_WARN__DUPLICATE_METHOD_MATCH = YES;
				COPY_PHASE_STRIP = NO;
				DEBUG_INFORMATION_FORMAT = dwarf;
				ENABLE_STRICT_OBJC_MSGSEND = YES;
				ENABLE_TESTABILITY = YES;
				GCC_C_LANGUAGE_STANDARD = gnu11;
				GCC_DYNAMIC_NO_PIC = NO;
				GCC_NO_COMMON_BLOCKS = YES;
				GCC_OPTIMIZATION_LEVEL = 0;
				GCC_PREPROCESSOR_DEFINITIONS = (
					"DEBUG=1",
					"$(inherited)",
				);
				GCC_WARN_64_TO_32_BIT_CONVERSION = YES;
				GCC_WARN_ABOUT_RETURN_TYPE = YES_ERROR;
				GCC_WARN_UNDECLARED_SELECTOR = YES;
				GCC_WARN_UNINITIALIZED_AUTOS = YES_AGGRESSIVE;
				GCC_WARN_UNUSED_FUNCTION = YES;
				GCC_WARN_UNUSED_VARIABLE = YES;
				IPHONEOS_DEPLOYMENT_TARGET = 14.5;
				MTL_ENABLE_DEBUG_INFO = INCLUDE_SOURCE;
				MTL_FAST_MATH = YES;
				ONLY_ACTIVE_ARCH = YES;
				SDKROOT = iphoneos;
				SWIFT_ACTIVE_COMPILATION_CONDITIONS = DEBUG;
				SWIFT_OPTIMIZATION_LEVEL = "-Onone";
			};
			name = Debug;
		};
		79EDA81B273ADD6600E97ABA /* Release */ = {
			isa = XCBuildConfiguration;
			buildSettings = {
				ALWAYS_SEARCH_USER_PATHS = NO;
				CLANG_ANALYZER_NONNULL = YES;
				CLANG_ANALYZER_NUMBER_OBJECT_CONVERSION = YES_AGGRESSIVE;
				CLANG_CXX_LANGUAGE_STANDARD = "gnu++14";
				CLANG_CXX_LIBRARY = "libc++";
				CLANG_ENABLE_MODULES = YES;
				CLANG_ENABLE_OBJC_ARC = YES;
				CLANG_ENABLE_OBJC_WEAK = YES;
				CLANG_WARN_BLOCK_CAPTURE_AUTORELEASING = YES;
				CLANG_WARN_BOOL_CONVERSION = YES;
				CLANG_WARN_COMMA = YES;
				CLANG_WARN_CONSTANT_CONVERSION = YES;
				CLANG_WARN_DEPRECATED_OBJC_IMPLEMENTATIONS = YES;
				CLANG_WARN_DIRECT_OBJC_ISA_USAGE = YES_ERROR;
				CLANG_WARN_DOCUMENTATION_COMMENTS = YES;
				CLANG_WARN_EMPTY_BODY = YES;
				CLANG_WARN_ENUM_CONVERSION = YES;
				CLANG_WARN_INFINITE_RECURSION = YES;
				CLANG_WARN_INT_CONVERSION = YES;
				CLANG_WARN_NON_LITERAL_NULL_CONVERSION = YES;
				CLANG_WARN_OBJC_IMPLICIT_RETAIN_SELF = YES;
				CLANG_WARN_OBJC_LITERAL_CONVERSION = YES;
				CLANG_WARN_OBJC_ROOT_CLASS = YES_ERROR;
				CLANG_WARN_QUOTED_INCLUDE_IN_FRAMEWORK_HEADER = YES;
				CLANG_WARN_RANGE_LOOP_ANALYSIS = YES;
				CLANG_WARN_STRICT_PROTOTYPES = YES;
				CLANG_WARN_SUSPICIOUS_MOVE = YES;
				CLANG_WARN_UNGUARDED_AVAILABILITY = YES_AGGRESSIVE;
				CLANG_WARN_UNREACHABLE_CODE = YES;
				CLANG_WARN__DUPLICATE_METHOD_MATCH = YES;
				COPY_PHASE_STRIP = NO;
				DEBUG_INFORMATION_FORMAT = "dwarf-with-dsym";
				ENABLE_NS_ASSERTIONS = NO;
				ENABLE_STRICT_OBJC_MSGSEND = YES;
				GCC_C_LANGUAGE_STANDARD = gnu11;
				GCC_NO_COMMON_BLOCKS = YES;
				GCC_WARN_64_TO_32_BIT_CONVERSION = YES;
				GCC_WARN_ABOUT_RETURN_TYPE = YES_ERROR;
				GCC_WARN_UNDECLARED_SELECTOR = YES;
				GCC_WARN_UNINITIALIZED_AUTOS = YES_AGGRESSIVE;
				GCC_WARN_UNUSED_FUNCTION = YES;
				GCC_WARN_UNUSED_VARIABLE = YES;
				IPHONEOS_DEPLOYMENT_TARGET = 14.5;
				MTL_ENABLE_DEBUG_INFO = NO;
				MTL_FAST_MATH = YES;
				SDKROOT = iphoneos;
				SWIFT_COMPILATION_MODE = wholemodule;
				SWIFT_OPTIMIZATION_LEVEL = "-O";
				VALIDATE_PRODUCT = YES;
			};
			name = Release;
		};
		79EDA81D273ADD6600E97ABA /* Debug */ = {
			isa = XCBuildConfiguration;
			buildSettings = {
				ASSETCATALOG_COMPILER_APPICON_NAME = AppIcon;
				ASSETCATALOG_COMPILER_GLOBAL_ACCENT_COLOR_NAME = AccentColor;
				CODE_SIGN_STYLE = Automatic;
				INFOPLIST_FILE = takwira/Info.plist;
				LD_RUNPATH_SEARCH_PATHS = (
					"$(inherited)",
					"@executable_path/Frameworks",
				);
				PRODUCT_BUNDLE_IDENTIFIER = "-sim1.takwira";
				PRODUCT_NAME = "$(TARGET_NAME)";
				SWIFT_VERSION = 5.0;
				TARGETED_DEVICE_FAMILY = "1,2";
			};
			name = Debug;
		};
		79EDA81E273ADD6600E97ABA /* Release */ = {
			isa = XCBuildConfiguration;
			buildSettings = {
				ASSETCATALOG_COMPILER_APPICON_NAME = AppIcon;
				ASSETCATALOG_COMPILER_GLOBAL_ACCENT_COLOR_NAME = AccentColor;
				CODE_SIGN_STYLE = Automatic;
				INFOPLIST_FILE = takwira/Info.plist;
				LD_RUNPATH_SEARCH_PATHS = (
					"$(inherited)",
					"@executable_path/Frameworks",
				);
				PRODUCT_BUNDLE_IDENTIFIER = "-sim1.takwira";
				PRODUCT_NAME = "$(TARGET_NAME)";
				SWIFT_VERSION = 5.0;
				TARGETED_DEVICE_FAMILY = "1,2";
			};
			name = Release;
		};
/* End XCBuildConfiguration section */

/* Begin XCConfigurationList section */
		79EDA800273ADD6500E97ABA /* Build configuration list for PBXProject "takwira" */ = {
			isa = XCConfigurationList;
			buildConfigurations = (
				79EDA81A273ADD6600E97ABA /* Debug */,
				79EDA81B273ADD6600E97ABA /* Release */,
			);
			defaultConfigurationIsVisible = 0;
			defaultConfigurationName = Release;
		};
		79EDA81C273ADD6600E97ABA /* Build configuration list for PBXNativeTarget "takwira" */ = {
			isa = XCConfigurationList;
			buildConfigurations = (
				79EDA81D273ADD6600E97ABA /* Debug */,
				79EDA81E273ADD6600E97ABA /* Release */,
			);
			defaultConfigurationIsVisible = 0;
			defaultConfigurationName = Release;
		};
/* End XCConfigurationList section */

/* Begin XCVersionGroup section */
		79EDA811273ADD6500E97ABA /* takwira.xcdatamodeld */ = {
			isa = XCVersionGroup;
			children = (
				79EDA812273ADD6500E97ABA /* takwira.xcdatamodel */,
			);
			currentVersion = 79EDA812273ADD6500E97ABA /* takwira.xcdatamodel */;
			path = takwira.xcdatamodeld;
			sourceTree = "<group>";
			versionGroupType = wrapper.xcdatamodel;
		};
/* End XCVersionGroup section */
	};
	rootObject = 79EDA7FD273ADD6500E97ABA /* Project object */;
}
